
Microsoft Visual Studio Solution File, Format Version 12.00
# Visual Studio Version 17
VisualStudioVersion = 17.1.32407.343
MinimumVisualStudioVersion = 10.0.40219.1
Project("{9A19103F-16F7-4668-BE54-9A1E7A4F7556}") = "StructuralPattern.MVC", "StructuralPattern.MVC\StructuralPattern.MVC.csproj", "{2676967D-6679-42CD-A3FF-ACFAA1D2C846}"
EndProject
Project("{9A19103F-16F7-4668-BE54-9A1E7A4F7556}") = "StructuralPattern.Services", "StructuralPattern.Services\StructuralPattern.Services.csproj", "{6007F760-DAA1-4969-822B-256CC85DB1DA}"
EndProject
Global
	GlobalSection(SolutionConfigurationPlatforms) = preSolution
		Debug|Any CPU = Debug|Any CPU
		Release|Any CPU = Release|Any CPU
	EndGlobalSection
	GlobalSection(ProjectConfigurationPlatforms) = postSolution
		{2676967D-6679-42CD-A3FF-ACFAA1D2C846}.Debug|Any CPU.ActiveCfg = Debug|Any CPU
		{2676967D-6679-42CD-A3FF-ACFAA1D2C846}.Debug|Any CPU.Build.0 = Debug|Any CPU
		{2676967D-6679-42CD-A3FF-ACFAA1D2C846}.Release|Any CPU.ActiveCfg = Release|Any CPU
		{2676967D-6679-42CD-A3FF-ACFAA1D2C846}.Release|Any CPU.Build.0 = Release|Any CPU
		{6007F760-DAA1-4969-822B-256CC85DB1DA}.Debug|Any CPU.ActiveCfg = Debug|Any CPU
		{6007F760-DAA1-4969-822B-256CC85DB1DA}.Debug|Any CPU.Build.0 = Debug|Any CPU
		{6007F760-DAA1-4969-822B-256CC85DB1DA}.Release|Any CPU.ActiveCfg = Release|Any CPU
		{6007F760-DAA1-4969-822B-256CC85DB1DA}.Release|Any CPU.Build.0 = Release|Any CPU
	EndGlobalSection
	GlobalSection(SolutionProperties) = preSolution
		HideSolutionNode = FALSE
	EndGlobalSection
	GlobalSection(ExtensibilityGlobals) = postSolution
		SolutionGuid = {42B46066-6B0E-46B2-8ED8-39CCEE7F8F8F}
	EndGlobalSection
EndGlobal
